<?xml version="1.0" encoding="utf-8"?>
<Project ToolsVersion="4.0" xmlns="http://schemas.microsoft.com/developer/msbuild/2003">
  <ItemGroup>
    <Filter Include="Platform">
      <UniqueIdentifier>{2AC788B4-1694-E3BF-3FAD-D1672BD9184E}</UniqueIdentifier>
    </Filter>
    <Filter Include="Platform\Windows">
      <UniqueIdentifier>{64FBD71A-50F4-F66C-7926-DCF1657ED678}</UniqueIdentifier>
    </Filter>
    <Filter Include="Sunfire">
      <UniqueIdentifier>{6125CD11-CD04-4CAD-D61C-D783427BB20E}</UniqueIdentifier>
    </Filter>
    <Filter Include="Sunfire\Events">
      <UniqueIdentifier>{25DA583D-11A8-4C43-FA3B-BD69E6A828A8}</UniqueIdentifier>
    </Filter>
  </ItemGroup>
  <ItemGroup>
    <ClInclude Include="src\Platform\Windows\WindowsWindow.h">
      <Filter>Platform\Windows</Filter>
    </ClInclude>
    <ClInclude Include="src\Sunfire.h" />
    <ClInclude Include="src\Sunfire\Application.h">
      <Filter>Sunfire</Filter>
    </ClInclude>
    <ClInclude Include="src\Sunfire\Core.h">
      <Filter>Sunfire</Filter>
    </ClInclude>
    <ClInclude Include="src\Sunfire\EntryPoint.h">
      <Filter>Sunfire</Filter>
    </ClInclude>
    <ClInclude Include="src\Sunfire\Events\ApplicationEvent.h">
      <Filter>Sunfire\Events</Filter>
    </ClInclude>
    <ClInclude Include="src\Sunfire\Events\Event.h">
      <Filter>Sunfire\Events</Filter>
    </ClInclude>
    <ClInclude Include="src\Sunfire\Events\KeyEvent.h">
      <Filter>Sunfire\Events</Filter>
    </ClInclude>
    <ClInclude Include="src\Sunfire\Events\MouseEvent.h">
      <Filter>Sunfire\Events</Filter>
    </ClInclude>
    <ClInclude Include="src\Sunfire\Layer.h">
      <Filter>Sunfire</Filter>
    </ClInclude>
    <ClInclude Include="src\Sunfire\LayerStack.h">
      <Filter>Sunfire</Filter>
    </ClInclude>
    <ClInclude Include="src\Sunfire\Log.h">
      <Filter>Sunfire</Filter>
    </ClInclude>
    <ClInclude Include="src\Sunfire\Window.h">
      <Filter>Sunfire</Filter>
    </ClInclude>
    <ClInclude Include="src\sfpch.h" />
  </ItemGroup>
  <ItemGroup>
    <ClCompile Include="src\Platform\Windows\WindowsWindow.cpp">
      <Filter>Platform\Windows</Filter>
    </ClCompile>
    <ClCompile Include="src\Sunfire\Application.cpp">
      <Filter>Sunfire</Filter>
    </ClCompile>
    <ClCompile Include="src\Sunfire\Layer.cpp">
      <Filter>Sunfire</Filter>
    </ClCompile>
    <ClCompile Include="src\Sunfire\LayerStack.cpp">
      <Filter>Sunfire</Filter>
    </ClCompile>
    <ClCompile Include="src\Sunfire\Log.cpp">
      <Filter>Sunfire</Filter>
    </ClCompile>
    <ClCompile Include="src\sfpch.cpp" />
  </ItemGroup>
</Project>