<?xml version="1.0" encoding="utf-8"?>
<Project ToolsVersion="4.0" xmlns="http://schemas.microsoft.com/developer/msbuild/2003">
  <ItemGroup>
    <Filter Include="Sunfire">
      <UniqueIdentifier>{6125CD11-CD04-4CAD-D61C-D783427BB20E}</UniqueIdentifier>
    </Filter>
  </ItemGroup>
  <ItemGroup>
    <ClInclude Include="src\Sunfire.h" />
    <ClInclude Include="src\Sunfire\Application.h">
      <Filter>Sunfire</Filter>
    </ClInclude>
    <ClInclude Include="src\Sunfire\Core.h">
      <Filter>Sunfire</Filter>
    </ClInclude>
    <ClInclude Include="src\Sunfire\EntryPoint.h">
      <Filter>Sunfire</Filter>
    </ClInclude>
    <ClInclude Include="src\Sunfire\Log.h">
      <Filter>Sunfire</Filter>
    </ClInclude>
  </ItemGroup>
  <ItemGroup>
    <ClCompile Include="src\Sunfire\Application.cpp">
      <Filter>Sunfire</Filter>
    </ClCompile>
    <ClCompile Include="src\Sunfire\Log.cpp">
      <Filter>Sunfire</Filter>
    </ClCompile>
  </ItemGroup>
</Project>